{
  "originHash" : "c738d41a893e53c4e94321b31542cabe299ec6ee7461c0b8b00a4da79cc2aa31",
  "pins" : [
    {
      "identity" : "capacitor-swift-pm",
      "kind" : "remoteSourceControl",
      "location" : "https://github.com/ionic-team/capacitor-swift-pm.git",
      "state" : {
        "revision" : "13a39179b3df796f3bb2e70c47ccdd92593f34d2",
        "version" : "8.0.2"
      }
    },
    {
      "identity" : "ion-ios-filesystem",
      "kind" : "remoteSourceControl",
      "location" : "https://github.com/ionic-team/ion-ios-filesystem.git",
      "state" : {
        "revision" : "a1a664318a7dae56d3f4756172365b5312f0292a",
        "version" : "1.1.0"
      }
    }
  ],
  "version" : 3
}
